
Microsoft Visual Studio Solution File, Format Version 12.00
# Visual Studio Version 17
VisualStudioVersion = 17.7.34221.43
MinimumVisualStudioVersion = 10.0.40219.1
Project("{8BC9CEB8-8B4A-11D0-8D11-00A0C91BC942}") = "aes_dust", "msvc2022.vcxproj", "{3717DFFC-4DA5-4EE9-A642-F6CDBDD985E8}"
EndProject
Project("{8BC9CEB8-8B4A-11D0-8D11-00A0C91BC942}") = "mctest", "mctest\mctest.vcxproj", "{7FB29F09-E6C8-4372-B42E-6012B95B7598}"
	ProjectSection(ProjectDependencies) = postProject
		{3717DFFC-4DA5-4EE9-A642-F6CDBDD985E8} = {3717DFFC-4DA5-4EE9-A642-F6CDBDD985E8}
	EndProjectSection
EndProject
Project("{8BC9CEB8-8B4A-11D0-8D11-00A0C91BC942}") = "test128", "test128\test128.vcxproj", "{F1AC4663-BCB5-4058-9972-3FABD7649B02}"
	ProjectSection(ProjectDependencies) = postProject
		{3717DFFC-4DA5-4EE9-A642-F6CDBDD985E8} = {3717DFFC-4DA5-4EE9-A642-F6CDBDD985E8}
	EndProjectSection
EndProject
Global
	GlobalSection(SolutionConfigurationPlatforms) = preSolution
		Release|x64 = Release|x64
		Release|x86 = Release|x86
	EndGlobalSection
	GlobalSection(ProjectConfigurationPlatforms) = postSolution
		{3717DFFC-4DA5-4EE9-A642-F6CDBDD985E8}.Release|x64.ActiveCfg = Release|x64
		{3717DFFC-4DA5-4EE9-A642-F6CDBDD985E8}.Release|x64.Build.0 = Release|x64
		{3717DFFC-4DA5-4EE9-A642-F6CDBDD985E8}.Release|x86.ActiveCfg = Release|Win32
		{3717DFFC-4DA5-4EE9-A642-F6CDBDD985E8}.Release|x86.Build.0 = Release|Win32
		{7FB29F09-E6C8-4372-B42E-6012B95B7598}.Release|x64.ActiveCfg = Release|x64
		{7FB29F09-E6C8-4372-B42E-6012B95B7598}.Release|x64.Build.0 = Release|x64
		{7FB29F09-E6C8-4372-B42E-6012B95B7598}.Release|x86.ActiveCfg = Release|Win32
		{7FB29F09-E6C8-4372-B42E-6012B95B7598}.Release|x86.Build.0 = Release|Win32
		{F1AC4663-BCB5-4058-9972-3FABD7649B02}.Release|x64.ActiveCfg = Release|x64
		{F1AC4663-BCB5-4058-9972-3FABD7649B02}.Release|x64.Build.0 = Release|x64
		{F1AC4663-BCB5-4058-9972-3FABD7649B02}.Release|x86.ActiveCfg = Release|Win32
		{F1AC4663-BCB5-4058-9972-3FABD7649B02}.Release|x86.Build.0 = Release|Win32
	EndGlobalSection
	GlobalSection(SolutionProperties) = preSolution
		HideSolutionNode = FALSE
	EndGlobalSection
	GlobalSection(ExtensibilityGlobals) = postSolution
		SolutionGuid = {812D975B-21AF-4BC4-9785-FFFBB9710B1D}
	EndGlobalSection
EndGlobal
